
Microsoft Visual Studio Solution File, Format Version 12.00
# Visual Studio Version 17
VisualStudioVersion = 17.5.33516.290
MinimumVisualStudioVersion = 10.0.40219.1
Project("{FAE04EC0-301F-11D3-BF4B-00C04F79EFBC}") = "xadrez-console", "xadrez-console\xadrez-console.csproj", "{F41E92AA-DC8E-4497-B409-5B7D21DA86BF}"
EndProject
Global
	GlobalSection(SolutionConfigurationPlatforms) = preSolution
		Debug|Any CPU = Debug|Any CPU
		Release|Any CPU = Release|Any CPU
	EndGlobalSection
	GlobalSection(ProjectConfigurationPlatforms) = postSolution
		{F41E92AA-DC8E-4497-B409-5B7D21DA86BF}.Debug|Any CPU.ActiveCfg = Debug|Any CPU
		{F41E92AA-DC8E-4497-B409-5B7D21DA86BF}.Debug|Any CPU.Build.0 = Debug|Any CPU
		{F41E92AA-DC8E-4497-B409-5B7D21DA86BF}.Release|Any CPU.ActiveCfg = Release|Any CPU
		{F41E92AA-DC8E-4497-B409-5B7D21DA86BF}.Release|Any CPU.Build.0 = Release|Any CPU
	EndGlobalSection
	GlobalSection(SolutionProperties) = preSolution
		HideSolutionNode = FALSE
	EndGlobalSection
	GlobalSection(ExtensibilityGlobals) = postSolution
		SolutionGuid = {2E1CBCF4-E487-4548-9542-C02DF2B1BB14}
	EndGlobalSection
EndGlobal
